
Microsoft Visual Studio Solution File, Format Version 12.00
# Visual Studio 14
VisualStudioVersion = 14.0.25420.1
MinimumVisualStudioVersion = 10.0.40219.1
Project("{FAE04EC0-301F-11D3-BF4B-00C04F79EFBC}") = "PSARCHeader", "PSARCHeader\PSARCHeader.csproj", "{1FC2CDD3-ABB3-4430-B61B-B1006A3C8492}"
EndProject
Project("{FAE04EC0-301F-11D3-BF4B-00C04F79EFBC}") = "PSArcHandler", "PSArcHandler\PSArcHandler.csproj", "{3ED776B2-C204-4705-8D94-169D678E1713}"
EndProject
Project("{9092AA53-FB77-4645-B42D-1CCCA6BD08BD}") = "NodePSARC", "NodePSARC\NodePSARC.njsproj", "{7B8E7B05-7C3A-4213-AE55-535550D0584F}"
EndProject
Global
	GlobalSection(SolutionConfigurationPlatforms) = preSolution
		Debug|Any CPU = Debug|Any CPU
		Release|Any CPU = Release|Any CPU
	EndGlobalSection
	GlobalSection(ProjectConfigurationPlatforms) = postSolution
		{1FC2CDD3-ABB3-4430-B61B-B1006A3C8492}.Debug|Any CPU.ActiveCfg = Debug|Any CPU
		{1FC2CDD3-ABB3-4430-B61B-B1006A3C8492}.Debug|Any CPU.Build.0 = Debug|Any CPU
		{1FC2CDD3-ABB3-4430-B61B-B1006A3C8492}.Release|Any CPU.ActiveCfg = Release|Any CPU
		{1FC2CDD3-ABB3-4430-B61B-B1006A3C8492}.Release|Any CPU.Build.0 = Release|Any CPU
		{3ED776B2-C204-4705-8D94-169D678E1713}.Debug|Any CPU.ActiveCfg = Debug|Any CPU
		{3ED776B2-C204-4705-8D94-169D678E1713}.Debug|Any CPU.Build.0 = Debug|Any CPU
		{3ED776B2-C204-4705-8D94-169D678E1713}.Release|Any CPU.ActiveCfg = Release|Any CPU
		{3ED776B2-C204-4705-8D94-169D678E1713}.Release|Any CPU.Build.0 = Release|Any CPU
		{7B8E7B05-7C3A-4213-AE55-535550D0584F}.Debug|Any CPU.ActiveCfg = Debug|Any CPU
		{7B8E7B05-7C3A-4213-AE55-535550D0584F}.Debug|Any CPU.Build.0 = Debug|Any CPU
		{7B8E7B05-7C3A-4213-AE55-535550D0584F}.Release|Any CPU.ActiveCfg = Release|Any CPU
		{7B8E7B05-7C3A-4213-AE55-535550D0584F}.Release|Any CPU.Build.0 = Release|Any CPU
	EndGlobalSection
	GlobalSection(SolutionProperties) = preSolution
		HideSolutionNode = FALSE
	EndGlobalSection
EndGlobal
